
Microsoft Visual Studio Solution File, Format Version 12.00
# Visual Studio Version 17
VisualStudioVersion = 17.8.34330.188
MinimumVisualStudioVersion = 10.0.40219.1
Project("{9A19103F-16F7-4668-BE54-9A1E7A4F7556}") = "AltronAssessment", "AltronAssessment\AltronAssessment.csproj", "{4643DABE-AB56-452A-80B5-05DB44F0BDBA}"
EndProject
Project("{9A19103F-16F7-4668-BE54-9A1E7A4F7556}") = "Core", "Core\Core.csproj", "{98AF5226-2EFB-4333-80AD-5E4DC408F87A}"
EndProject
Project("{9A19103F-16F7-4668-BE54-9A1E7A4F7556}") = "Infrastructure", "Infrastructure\Infrastructure.csproj", "{DBBE46FD-6C80-434C-A609-08C588FDAF2B}"
EndProject
Project("{FAE04EC0-301F-11D3-BF4B-00C04F79EFBC}") = "AltronAssessment.Tests", "AltronAssessment.Tests\AltronAssessment.Tests.csproj", "{D2ECAA1B-275F-41BA-9124-DD7FD63E04D4}"
EndProject
Global
	GlobalSection(SolutionConfigurationPlatforms) = preSolution
		Debug|Any CPU = Debug|Any CPU
		Release|Any CPU = Release|Any CPU
	EndGlobalSection
	GlobalSection(ProjectConfigurationPlatforms) = postSolution
		{4643DABE-AB56-452A-80B5-05DB44F0BDBA}.Debug|Any CPU.ActiveCfg = Debug|Any CPU
		{4643DABE-AB56-452A-80B5-05DB44F0BDBA}.Debug|Any CPU.Build.0 = Debug|Any CPU
		{4643DABE-AB56-452A-80B5-05DB44F0BDBA}.Release|Any CPU.ActiveCfg = Release|Any CPU
		{4643DABE-AB56-452A-80B5-05DB44F0BDBA}.Release|Any CPU.Build.0 = Release|Any CPU
		{98AF5226-2EFB-4333-80AD-5E4DC408F87A}.Debug|Any CPU.ActiveCfg = Debug|Any CPU
		{98AF5226-2EFB-4333-80AD-5E4DC408F87A}.Debug|Any CPU.Build.0 = Debug|Any CPU
		{98AF5226-2EFB-4333-80AD-5E4DC408F87A}.Release|Any CPU.ActiveCfg = Release|Any CPU
		{98AF5226-2EFB-4333-80AD-5E4DC408F87A}.Release|Any CPU.Build.0 = Release|Any CPU
		{DBBE46FD-6C80-434C-A609-08C588FDAF2B}.Debug|Any CPU.ActiveCfg = Debug|Any CPU
		{DBBE46FD-6C80-434C-A609-08C588FDAF2B}.Debug|Any CPU.Build.0 = Debug|Any CPU
		{DBBE46FD-6C80-434C-A609-08C588FDAF2B}.Release|Any CPU.ActiveCfg = Release|Any CPU
		{DBBE46FD-6C80-434C-A609-08C588FDAF2B}.Release|Any CPU.Build.0 = Release|Any CPU
		{D2ECAA1B-275F-41BA-9124-DD7FD63E04D4}.Debug|Any CPU.ActiveCfg = Debug|Any CPU
		{D2ECAA1B-275F-41BA-9124-DD7FD63E04D4}.Debug|Any CPU.Build.0 = Debug|Any CPU
		{D2ECAA1B-275F-41BA-9124-DD7FD63E04D4}.Release|Any CPU.ActiveCfg = Release|Any CPU
		{D2ECAA1B-275F-41BA-9124-DD7FD63E04D4}.Release|Any CPU.Build.0 = Release|Any CPU
	EndGlobalSection
	GlobalSection(SolutionProperties) = preSolution
		HideSolutionNode = FALSE
	EndGlobalSection
	GlobalSection(ExtensibilityGlobals) = postSolution
		SolutionGuid = {6FB56FBF-6307-4E1A-87F8-099E6A4D19F2}
	EndGlobalSection
EndGlobal
